
Microsoft Visual Studio Solution File, Format Version 12.00
# Visual Studio Version 16
VisualStudioVersion = 16.0.29306.81
MinimumVisualStudioVersion = 10.0.40219.1
Project("{FAE04EC0-301F-11D3-BF4B-00C04F79EFBC}") = "Mediator", "Mediator.csproj", "{51F1A662-3B53-4761-91E8-B1323B7D78A6}"
EndProject
Global
	GlobalSection(SolutionConfigurationPlatforms) = preSolution
		Debug|Any CPU = Debug|Any CPU
		Release|Any CPU = Release|Any CPU
	EndGlobalSection
	GlobalSection(ProjectConfigurationPlatforms) = postSolution
		{51F1A662-3B53-4761-91E8-B1323B7D78A6}.Debug|Any CPU.ActiveCfg = Debug|Any CPU
		{51F1A662-3B53-4761-91E8-B1323B7D78A6}.Debug|Any CPU.Build.0 = Debug|Any CPU
		{51F1A662-3B53-4761-91E8-B1323B7D78A6}.Release|Any CPU.ActiveCfg = Release|Any CPU
		{51F1A662-3B53-4761-91E8-B1323B7D78A6}.Release|Any CPU.Build.0 = Release|Any CPU
	EndGlobalSection
	GlobalSection(SolutionProperties) = preSolution
		HideSolutionNode = FALSE
	EndGlobalSection
	GlobalSection(ExtensibilityGlobals) = postSolution
		SolutionGuid = {A7F78DC5-6A4C-48A6-8F6B-BA779CE0B94F}
	EndGlobalSection
EndGlobal
